
Microsoft Visual Studio Solution File, Format Version 12.00
# Visual Studio 15
VisualStudioVersion = 15.0.28307.168
MinimumVisualStudioVersion = 10.0.40219.1
Project("{FAE04EC0-301F-11D3-BF4B-00C04F79EFBC}") = "weeko51", "weeko51\weeko51.csproj", "{D4A3851A-032F-461B-BD6F-506C9E2BEF60}"
EndProject
Global
	GlobalSection(SolutionConfigurationPlatforms) = preSolution
		Debug|Any CPU = Debug|Any CPU
		Release|Any CPU = Release|Any CPU
	EndGlobalSection
	GlobalSection(ProjectConfigurationPlatforms) = postSolution
		{D4A3851A-032F-461B-BD6F-506C9E2BEF60}.Debug|Any CPU.ActiveCfg = Debug|Any CPU
		{D4A3851A-032F-461B-BD6F-506C9E2BEF60}.Debug|Any CPU.Build.0 = Debug|Any CPU
		{D4A3851A-032F-461B-BD6F-506C9E2BEF60}.Release|Any CPU.ActiveCfg = Release|Any CPU
		{D4A3851A-032F-461B-BD6F-506C9E2BEF60}.Release|Any CPU.Build.0 = Release|Any CPU
	EndGlobalSection
	GlobalSection(SolutionProperties) = preSolution
		HideSolutionNode = FALSE
	EndGlobalSection
	GlobalSection(ExtensibilityGlobals) = postSolution
		SolutionGuid = {27337C49-5414-4309-BFF0-A45F77640190}
	EndGlobalSection
EndGlobal
